api_version: loop.exchange/v1alpha1
artifact: sha256:a1c9c9b919690d2dde88dae3e14ccaa735163a8757bea6201b68b356599e3fe3
components:
  - id: spring-ai
    path: upstream/spring-ai
    provider: git
    contract: v1
    distribution: mirrored
    revision: fb51ef2b49c2e2b1d652ee4acbade69b225e5d1a
    embedded:
      base: sha256:bbbbbbbbbbbbbbbbbbbbbbbbbbbbbbbbbbbbbbbbbbbbbbbbbbbbbbbbbbbbbbbb
