api_version: loop.exchange/v1alpha1
artifact: sha256:9775502893dd77dc6a1ae007127d4c30c9b07eb6750b9564e2a9cb85f080aaaf
components:
  - id: source
    path: source
    provider: git
    contract: v1
    distribution: embedded
    revision: 0123456789abcdef0123456789abcdef01234567
    embedded:
      base: sha256:bbbbbbbbbbbbbbbbbbbbbbbbbbbbbbbbbbbbbbbbbbbbbbbbbbbbbbbbbbbbbbbb
      state: sha256:cccccccccccccccccccccccccccccccccccccccccccccccccccccccccccccccc
